{
    "_meta": {
        "hash": {
            "sha256": "d4b5ee16ba82064c92a6d323df5f3f379a0f36e0552d92c051791c4e6dd63095"
        },
        "pipfile-spec": 6,
        "requires": {
            "python_version": "3.10"
        },
        "sources": [
            {
                "name": "pypi",
                "url": "https://pypi.org/simple",
                "verify_ssl": true
            }
        ]
    },
    "default": {
        "pip": {
            "hashes": [
                "sha256:3fd1929db052f056d7a998439176d3333fa1b3f6c1ad881de1885c0717608a4b",
                "sha256:b61a374b5bc40a6e982426aede40c9b5a08ff20e640f5b56977f4f91fed1e39a"
            ],
            "index": "pypi",
            "version": "==22.2.2"
        }
    },
    "develop": {}
}
